
Microsoft Visual Studio Solution File, Format Version 12.00
# Visual Studio Version 16
VisualStudioVersion = 16.0.30621.155
MinimumVisualStudioVersion = 10.0.40219.1
Project("{9A19103F-16F7-4668-BE54-9A1E7A4F7556}") = "SwedishSocialSecurityNumberGenerator", "SwedishSocialSecurityNumberGenerator.csproj", "{D841C013-11EC-4B12-A006-939941C46E2A}"
EndProject
Project("{FAE04EC0-301F-11D3-BF4B-00C04F79EFBC}") = "SwedishSocialSecurityNumberGeneratorTests", "..\SwedishSocialSecurityNumberGeneratorTests\SwedishSocialSecurityNumberGeneratorTests.csproj", "{49C70981-D052-4648-96D6-55F0A0B23AFE}"
EndProject
Global
	GlobalSection(SolutionConfigurationPlatforms) = preSolution
		Debug|Any CPU = Debug|Any CPU
		Release|Any CPU = Release|Any CPU
	EndGlobalSection
	GlobalSection(ProjectConfigurationPlatforms) = postSolution
		{D841C013-11EC-4B12-A006-939941C46E2A}.Debug|Any CPU.ActiveCfg = Debug|Any CPU
		{D841C013-11EC-4B12-A006-939941C46E2A}.Debug|Any CPU.Build.0 = Debug|Any CPU
		{D841C013-11EC-4B12-A006-939941C46E2A}.Release|Any CPU.ActiveCfg = Release|Any CPU
		{D841C013-11EC-4B12-A006-939941C46E2A}.Release|Any CPU.Build.0 = Release|Any CPU
		{49C70981-D052-4648-96D6-55F0A0B23AFE}.Debug|Any CPU.ActiveCfg = Debug|Any CPU
		{49C70981-D052-4648-96D6-55F0A0B23AFE}.Debug|Any CPU.Build.0 = Debug|Any CPU
		{49C70981-D052-4648-96D6-55F0A0B23AFE}.Release|Any CPU.ActiveCfg = Release|Any CPU
		{49C70981-D052-4648-96D6-55F0A0B23AFE}.Release|Any CPU.Build.0 = Release|Any CPU
	EndGlobalSection
	GlobalSection(SolutionProperties) = preSolution
		HideSolutionNode = FALSE
	EndGlobalSection
	GlobalSection(ExtensibilityGlobals) = postSolution
		SolutionGuid = {6995C757-FD00-4B23-A6F7-9DFD6CD78D94}
	EndGlobalSection
EndGlobal
